
Microsoft Visual Studio Solution File, Format Version 12.00
# Visual Studio 15
Project("{FAE04EC0-301F-11D3-BF4B-00C04F79EFBC}") = "ArcheryScore.Android", "ArcheryScore.Android\ArcheryScore.Android.csproj", "{60F9D98F-25B5-4FD8-8AC0-46D82CA28D2E}"
EndProject
Project("{FAE04EC0-301F-11D3-BF4B-00C04F79EFBC}") = "ArcheryScore.iOS", "ArcheryScore.iOS\ArcheryScore.iOS.csproj", "{93164024-5696-4189-9951-64EFBD313DAE}"
EndProject
Project("{FAE04EC0-301F-11D3-BF4B-00C04F79EFBC}") = "ArcheryScore", "ArcheryScore\ArcheryScore.csproj", "{5500570F-B6FE-44A4-8B73-1E146A7960A1}"
EndProject
Global
	GlobalSection(SolutionConfigurationPlatforms) = preSolution
		Debug|Any CPU = Debug|Any CPU
		Release|Any CPU = Release|Any CPU
		Debug|iPhoneSimulator = Debug|iPhoneSimulator
		Release|iPhoneSimulator = Release|iPhoneSimulator
		Debug|iPhone = Debug|iPhone
		Release|iPhone = Release|iPhone
		Ad-Hoc|iPhone = Ad-Hoc|iPhone
		AppStore|iPhone = AppStore|iPhone
	EndGlobalSection
	GlobalSection(ProjectConfigurationPlatforms) = postSolution
		{60F9D98F-25B5-4FD8-8AC0-46D82CA28D2E}.Debug|Any CPU.ActiveCfg = Debug|Any CPU
		{60F9D98F-25B5-4FD8-8AC0-46D82CA28D2E}.Debug|Any CPU.Build.0 = Debug|Any CPU
		{60F9D98F-25B5-4FD8-8AC0-46D82CA28D2E}.Release|Any CPU.ActiveCfg = Release|Any CPU
		{60F9D98F-25B5-4FD8-8AC0-46D82CA28D2E}.Release|Any CPU.Build.0 = Release|Any CPU
		{60F9D98F-25B5-4FD8-8AC0-46D82CA28D2E}.Debug|iPhoneSimulator.ActiveCfg = Debug|Any CPU
		{60F9D98F-25B5-4FD8-8AC0-46D82CA28D2E}.Debug|iPhoneSimulator.Build.0 = Debug|Any CPU
		{60F9D98F-25B5-4FD8-8AC0-46D82CA28D2E}.Release|iPhoneSimulator.ActiveCfg = Release|Any CPU
		{60F9D98F-25B5-4FD8-8AC0-46D82CA28D2E}.Release|iPhoneSimulator.Build.0 = Release|Any CPU
		{60F9D98F-25B5-4FD8-8AC0-46D82CA28D2E}.Debug|iPhone.ActiveCfg = Debug|Any CPU
		{60F9D98F-25B5-4FD8-8AC0-46D82CA28D2E}.Debug|iPhone.Build.0 = Debug|Any CPU
		{60F9D98F-25B5-4FD8-8AC0-46D82CA28D2E}.Release|iPhone.ActiveCfg = Release|Any CPU
		{60F9D98F-25B5-4FD8-8AC0-46D82CA28D2E}.Release|iPhone.Build.0 = Release|Any CPU
		{60F9D98F-25B5-4FD8-8AC0-46D82CA28D2E}.Ad-Hoc|iPhone.ActiveCfg = Debug|Any CPU
		{60F9D98F-25B5-4FD8-8AC0-46D82CA28D2E}.Ad-Hoc|iPhone.Build.0 = Debug|Any CPU
		{60F9D98F-25B5-4FD8-8AC0-46D82CA28D2E}.AppStore|iPhone.ActiveCfg = Debug|Any CPU
		{60F9D98F-25B5-4FD8-8AC0-46D82CA28D2E}.AppStore|iPhone.Build.0 = Debug|Any CPU
		{93164024-5696-4189-9951-64EFBD313DAE}.Debug|Any CPU.ActiveCfg = Debug|iPhoneSimulator
		{93164024-5696-4189-9951-64EFBD313DAE}.Debug|Any CPU.Build.0 = Debug|iPhoneSimulator
		{93164024-5696-4189-9951-64EFBD313DAE}.Release|Any CPU.ActiveCfg = Release|iPhoneSimulator
		{93164024-5696-4189-9951-64EFBD313DAE}.Release|Any CPU.Build.0 = Release|iPhoneSimulator
		{93164024-5696-4189-9951-64EFBD313DAE}.Debug|iPhoneSimulator.ActiveCfg = Debug|iPhoneSimulator
		{93164024-5696-4189-9951-64EFBD313DAE}.Debug|iPhoneSimulator.Build.0 = Debug|iPhoneSimulator
		{93164024-5696-4189-9951-64EFBD313DAE}.Release|iPhoneSimulator.ActiveCfg = Release|iPhoneSimulator
		{93164024-5696-4189-9951-64EFBD313DAE}.Release|iPhoneSimulator.Build.0 = Release|iPhoneSimulator
		{93164024-5696-4189-9951-64EFBD313DAE}.Debug|iPhone.ActiveCfg = Debug|iPhone
		{93164024-5696-4189-9951-64EFBD313DAE}.Debug|iPhone.Build.0 = Debug|iPhone
		{93164024-5696-4189-9951-64EFBD313DAE}.Release|iPhone.ActiveCfg = Release|iPhone
		{93164024-5696-4189-9951-64EFBD313DAE}.Release|iPhone.Build.0 = Release|iPhone
		{93164024-5696-4189-9951-64EFBD313DAE}.Ad-Hoc|iPhone.ActiveCfg = Ad-Hoc|iPhone
		{93164024-5696-4189-9951-64EFBD313DAE}.Ad-Hoc|iPhone.Build.0 = Ad-Hoc|iPhone
		{93164024-5696-4189-9951-64EFBD313DAE}.AppStore|iPhone.ActiveCfg = AppStore|iPhone
		{93164024-5696-4189-9951-64EFBD313DAE}.AppStore|iPhone.Build.0 = AppStore|iPhone
		{5500570F-B6FE-44A4-8B73-1E146A7960A1}.Debug|Any CPU.ActiveCfg = Debug|Any CPU
		{5500570F-B6FE-44A4-8B73-1E146A7960A1}.Debug|Any CPU.Build.0 = Debug|Any CPU
		{5500570F-B6FE-44A4-8B73-1E146A7960A1}.Release|Any CPU.ActiveCfg = Release|Any CPU
		{5500570F-B6FE-44A4-8B73-1E146A7960A1}.Release|Any CPU.Build.0 = Release|Any CPU
		{5500570F-B6FE-44A4-8B73-1E146A7960A1}.Debug|iPhoneSimulator.ActiveCfg = Debug|Any CPU
		{5500570F-B6FE-44A4-8B73-1E146A7960A1}.Debug|iPhoneSimulator.Build.0 = Debug|Any CPU
		{5500570F-B6FE-44A4-8B73-1E146A7960A1}.Release|iPhoneSimulator.ActiveCfg = Release|Any CPU
		{5500570F-B6FE-44A4-8B73-1E146A7960A1}.Release|iPhoneSimulator.Build.0 = Release|Any CPU
		{5500570F-B6FE-44A4-8B73-1E146A7960A1}.Debug|iPhone.ActiveCfg = Debug|Any CPU
		{5500570F-B6FE-44A4-8B73-1E146A7960A1}.Debug|iPhone.Build.0 = Debug|Any CPU
		{5500570F-B6FE-44A4-8B73-1E146A7960A1}.Release|iPhone.ActiveCfg = Release|Any CPU
		{5500570F-B6FE-44A4-8B73-1E146A7960A1}.Release|iPhone.Build.0 = Release|Any CPU
		{5500570F-B6FE-44A4-8B73-1E146A7960A1}.Ad-Hoc|iPhone.ActiveCfg = Debug|Any CPU
		{5500570F-B6FE-44A4-8B73-1E146A7960A1}.Ad-Hoc|iPhone.Build.0 = Debug|Any CPU
		{5500570F-B6FE-44A4-8B73-1E146A7960A1}.AppStore|iPhone.ActiveCfg = Debug|Any CPU
		{5500570F-B6FE-44A4-8B73-1E146A7960A1}.AppStore|iPhone.Build.0 = Debug|Any CPU
	EndGlobalSection
EndGlobal
